{
    "version": 3,
    "terraform_version": "0.11.8",
    "serial": 2,
    "lineage": "0f31af76-4542-7eb1-a532-acf0a44451c1",
    "modules": [
        {
            "path": [
                "root"
            ],
            "outputs": {},
            "resources": {
                "aws_iam_role.role": {
                    "type": "aws_iam_role",
                    "depends_on": [],
                    "primary": {
                        "id": "bit-clarence-lambda",
                        "attributes": {
                            "arn": "arn:aws:iam::639251788740:role/bit-clarence-lambda",
                            "assume_role_policy": "{\"Version\":\"2012-10-17\",\"Statement\":[{\"Sid\":\"\",\"Effect\":\"Allow\",\"Principal\":{\"Service\":\"lambda.amazonaws.com\"},\"Action\":\"sts:AssumeRole\"}]}",
                            "create_date": "2018-09-28T19:28:39Z",
                            "description": "",
                            "force_detach_policies": "false",
                            "id": "bit-clarence-lambda",
                            "max_session_duration": "3600",
                            "name": "bit-clarence-lambda",
                            "path": "/",
                            "unique_id": "AROAJIZM5CJXVKQQPKP7Y"
                        },
                        "meta": {},
                        "tainted": false
                    },
                    "deposed": [],
                    "provider": "provider.aws"
                }
            },
            "depends_on": []
        }
    ]
}
